
Microsoft Visual Studio Solution File, Format Version 11.00
# Visual Studio 2010
Project("{FAE04EC0-301F-11D3-BF4B-00C04F79EFBC}") = "Assembly-CSharp", "Assembly-CSharp.csproj", "{FFFDEF71-E5E5-FF1A-7B4B-FC810763795C}"
EndProject
Project("{FAE04EC0-301F-11D3-BF4B-00C04F79EFBC}") = "Oculus.VR", "Oculus.VR.csproj", "{CA4E18F7-541D-FBF2-F87A-4EF60353413F}"
EndProject
Project("{FAE04EC0-301F-11D3-BF4B-00C04F79EFBC}") = "Assembly-CSharp-Editor", "Assembly-CSharp-Editor.csproj", "{E3A73B3C-160B-A81F-CDC4-FDE2907DC604}"
EndProject
Project("{FAE04EC0-301F-11D3-BF4B-00C04F79EFBC}") = "Oculus.VR.Scripts.Editor", "Oculus.VR.Scripts.Editor.csproj", "{8C535B11-AF7F-7476-1BAA-DCA4934B98A3}"
EndProject
Project("{FAE04EC0-301F-11D3-BF4B-00C04F79EFBC}") = "Oculus.VR.Editor", "Oculus.VR.Editor.csproj", "{513F82CD-4FA6-6BBC-8EF5-A3C20E759BF0}"
EndProject
Global
	GlobalSection(SolutionConfigurationPlatforms) = preSolution
		Debug|Any CPU = Debug|Any CPU
		Release|Any CPU = Release|Any CPU
	EndGlobalSection
	GlobalSection(ProjectConfigurationPlatforms) = postSolution
		{FFFDEF71-E5E5-FF1A-7B4B-FC810763795C}.Debug|Any CPU.ActiveCfg = Debug|Any CPU
		{FFFDEF71-E5E5-FF1A-7B4B-FC810763795C}.Debug|Any CPU.Build.0 = Debug|Any CPU
		{FFFDEF71-E5E5-FF1A-7B4B-FC810763795C}.Release|Any CPU.ActiveCfg = Release|Any CPU
		{FFFDEF71-E5E5-FF1A-7B4B-FC810763795C}.Release|Any CPU.Build.0 = Release|Any CPU
		{CA4E18F7-541D-FBF2-F87A-4EF60353413F}.Debug|Any CPU.ActiveCfg = Debug|Any CPU
		{CA4E18F7-541D-FBF2-F87A-4EF60353413F}.Debug|Any CPU.Build.0 = Debug|Any CPU
		{CA4E18F7-541D-FBF2-F87A-4EF60353413F}.Release|Any CPU.ActiveCfg = Release|Any CPU
		{CA4E18F7-541D-FBF2-F87A-4EF60353413F}.Release|Any CPU.Build.0 = Release|Any CPU
		{E3A73B3C-160B-A81F-CDC4-FDE2907DC604}.Debug|Any CPU.ActiveCfg = Debug|Any CPU
		{E3A73B3C-160B-A81F-CDC4-FDE2907DC604}.Debug|Any CPU.Build.0 = Debug|Any CPU
		{E3A73B3C-160B-A81F-CDC4-FDE2907DC604}.Release|Any CPU.ActiveCfg = Release|Any CPU
		{E3A73B3C-160B-A81F-CDC4-FDE2907DC604}.Release|Any CPU.Build.0 = Release|Any CPU
		{8C535B11-AF7F-7476-1BAA-DCA4934B98A3}.Debug|Any CPU.ActiveCfg = Debug|Any CPU
		{8C535B11-AF7F-7476-1BAA-DCA4934B98A3}.Debug|Any CPU.Build.0 = Debug|Any CPU
		{8C535B11-AF7F-7476-1BAA-DCA4934B98A3}.Release|Any CPU.ActiveCfg = Release|Any CPU
		{8C535B11-AF7F-7476-1BAA-DCA4934B98A3}.Release|Any CPU.Build.0 = Release|Any CPU
		{513F82CD-4FA6-6BBC-8EF5-A3C20E759BF0}.Debug|Any CPU.ActiveCfg = Debug|Any CPU
		{513F82CD-4FA6-6BBC-8EF5-A3C20E759BF0}.Debug|Any CPU.Build.0 = Debug|Any CPU
		{513F82CD-4FA6-6BBC-8EF5-A3C20E759BF0}.Release|Any CPU.ActiveCfg = Release|Any CPU
		{513F82CD-4FA6-6BBC-8EF5-A3C20E759BF0}.Release|Any CPU.Build.0 = Release|Any CPU
	EndGlobalSection
	GlobalSection(SolutionProperties) = preSolution
		HideSolutionNode = FALSE
	EndGlobalSection
	GlobalSection(MonoDevelopProperties) = preSolution
		StartupItem = Assembly-CSharp.csproj
	EndGlobalSection
EndGlobal
